
Microsoft Visual Studio Solution File, Format Version 12.00
# Visual Studio Version 16
VisualStudioVersion = 16.0.29806.167
MinimumVisualStudioVersion = 10.0.40219.1
Project("{8BC9CEB8-8B4A-11D0-8D11-00A0C91BC942}") = "Test regressieboom", "Test regressieboom\Test regressieboom.vcxproj", "{AA7EF0AF-5AC8-4E17-9987-7861948E4717}"
EndProject
Global
	GlobalSection(SolutionConfigurationPlatforms) = preSolution
		Debug|x64 = Debug|x64
		Debug|x86 = Debug|x86
		Release|x64 = Release|x64
		Release|x86 = Release|x86
	EndGlobalSection
	GlobalSection(ProjectConfigurationPlatforms) = postSolution
		{AA7EF0AF-5AC8-4E17-9987-7861948E4717}.Debug|x64.ActiveCfg = Debug|x64
		{AA7EF0AF-5AC8-4E17-9987-7861948E4717}.Debug|x64.Build.0 = Debug|x64
		{AA7EF0AF-5AC8-4E17-9987-7861948E4717}.Debug|x86.ActiveCfg = Debug|Win32
		{AA7EF0AF-5AC8-4E17-9987-7861948E4717}.Debug|x86.Build.0 = Debug|Win32
		{AA7EF0AF-5AC8-4E17-9987-7861948E4717}.Release|x64.ActiveCfg = Release|x64
		{AA7EF0AF-5AC8-4E17-9987-7861948E4717}.Release|x64.Build.0 = Release|x64
		{AA7EF0AF-5AC8-4E17-9987-7861948E4717}.Release|x86.ActiveCfg = Release|Win32
		{AA7EF0AF-5AC8-4E17-9987-7861948E4717}.Release|x86.Build.0 = Release|Win32
	EndGlobalSection
	GlobalSection(SolutionProperties) = preSolution
		HideSolutionNode = FALSE
	EndGlobalSection
	GlobalSection(ExtensibilityGlobals) = postSolution
		SolutionGuid = {A3F204A8-884F-4226-86F2-B70DCD969D89}
	EndGlobalSection
EndGlobal
